
Microsoft Visual Studio Solution File, Format Version 12.00
# Visual Studio Version 16
VisualStudioVersion = 16.0.30804.86
MinimumVisualStudioVersion = 10.0.40219.1
Project("{9A19103F-16F7-4668-BE54-9A1E7A4F7556}") = "RetryPattern", "RetryPattern.csproj", "{2DEBF144-A269-4962-94DC-F8B20E6BB929}"
EndProject
Project("{2150E333-8FDC-42A3-9474-1A3956D46DE8}") = "Solution Items", "Solution Items", "{58DB77BC-A22B-482C-A176-D755DCBDBD70}"
	ProjectSection(SolutionItems) = preProject
		.gitignore = .gitignore
		docker-compose.yaml = docker-compose.yaml
	EndProjectSection
EndProject
Global
	GlobalSection(SolutionConfigurationPlatforms) = preSolution
		Debug|Any CPU = Debug|Any CPU
		Release|Any CPU = Release|Any CPU
	EndGlobalSection
	GlobalSection(ProjectConfigurationPlatforms) = postSolution
		{2DEBF144-A269-4962-94DC-F8B20E6BB929}.Debug|Any CPU.ActiveCfg = Debug|Any CPU
		{2DEBF144-A269-4962-94DC-F8B20E6BB929}.Debug|Any CPU.Build.0 = Debug|Any CPU
		{2DEBF144-A269-4962-94DC-F8B20E6BB929}.Release|Any CPU.ActiveCfg = Release|Any CPU
		{2DEBF144-A269-4962-94DC-F8B20E6BB929}.Release|Any CPU.Build.0 = Release|Any CPU
	EndGlobalSection
	GlobalSection(SolutionProperties) = preSolution
		HideSolutionNode = FALSE
	EndGlobalSection
	GlobalSection(ExtensibilityGlobals) = postSolution
		SolutionGuid = {A983AD71-2AD0-4BB3-853F-CC648AABD4CD}
	EndGlobalSection
EndGlobal
